
Microsoft Visual Studio Solution File, Format Version 12.00
# Visual Studio Version 17
VisualStudioVersion = 17.14.36121.58 d17.14
MinimumVisualStudioVersion = 10.0.40219.1
Project("{FAE04EC0-301F-11D3-BF4B-00C04F79EFBC}") = "CarRentalService.Domain", "carRental.Domain\CarRentalService.Domain.csproj", "{FF627A04-DD7B-4A6D-8C7D-0B03BE347F54}"
EndProject
Project("{2150E333-8FDC-42A3-9474-1A3956D46DE8}") = "src", "src", "{36D591C7-65C7-A0D1-1CBC-10CDE441BDC8}"
EndProject
Project("{2150E333-8FDC-42A3-9474-1A3956D46DE8}") = "test", "test", "{4CDDA136-22B5-4AC2-88DE-F7490BBE7971}"
EndProject
Global
	GlobalSection(SolutionConfigurationPlatforms) = preSolution
		Debug|Any CPU = Debug|Any CPU
		Release|Any CPU = Release|Any CPU
	EndGlobalSection
	GlobalSection(ProjectConfigurationPlatforms) = postSolution
		{FF627A04-DD7B-4A6D-8C7D-0B03BE347F54}.Debug|Any CPU.ActiveCfg = Debug|Any CPU
		{FF627A04-DD7B-4A6D-8C7D-0B03BE347F54}.Debug|Any CPU.Build.0 = Debug|Any CPU
		{FF627A04-DD7B-4A6D-8C7D-0B03BE347F54}.Release|Any CPU.ActiveCfg = Release|Any CPU
		{FF627A04-DD7B-4A6D-8C7D-0B03BE347F54}.Release|Any CPU.Build.0 = Release|Any CPU
	EndGlobalSection
	GlobalSection(SolutionProperties) = preSolution
		HideSolutionNode = FALSE
	EndGlobalSection
	GlobalSection(NestedProjects) = preSolution
		{FF627A04-DD7B-4A6D-8C7D-0B03BE347F54} = {36D591C7-65C7-A0D1-1CBC-10CDE441BDC8}
	EndGlobalSection
	GlobalSection(ExtensibilityGlobals) = postSolution
		SolutionGuid = {FD7642CB-44E5-430B-B2B1-551FF5C0F8ED}
	EndGlobalSection
EndGlobal
